// !$*UTF8*$!
{
	archiveVersion = 1;
	classes = {
	};
	objectVersion = 46;
	objects = {

/* Begin PBXBuildFile section */
		D0646C881A816233009CC3E3 /* EmitterNode.swift in Sources */ = {isa = PBXBuildFile; fileRef = D0646C871A816233009CC3E3 /* EmitterNode.swift */; };
		D0646C8C1A816371009CC3E3 /* starField.sks in Resources */ = {isa = PBXBuildFile; fileRef = D0646C8A1A816371009CC3E3 /* starField.sks */; };
		D0646C8D1A816371009CC3E3 /* spark.png in Resources */ = {isa = PBXBuildFile; fileRef = D0646C8B1A816371009CC3E3 /* spark.png */; };
		D0646C8F1A816C11009CC3E3 /* Operation_Stealth.mp3 in Resources */ = {isa = PBXBuildFile; fileRef = D0646C8E1A816C11009CC3E3 /* Operation_Stealth.mp3 */; };
		D0ADC8711A7EB9A8003390E2 /* BackgroundNode.swift in Sources */ = {isa = PBXBuildFile; fileRef = D0ADC8701A7EB9A8003390E2 /* BackgroundNode.swift */; };
		D0D000F21A7CF17500E36311 /* AppDelegate.swift in Sources */ = {isa = PBXBuildFile; fileRef = D0D000F11A7CF17500E36311 /* AppDelegate.swift */; };
		D0D000F41A7CF17500E36311 /* DemoScene.sks in Resources */ = {isa = PBXBuildFile; fileRef = D0D000F31A7CF17500E36311 /* DemoScene.sks */; };
		D0D000F61A7CF17500E36311 /* DemoScene.swift in Sources */ = {isa = PBXBuildFile; fileRef = D0D000F51A7CF17500E36311 /* DemoScene.swift */; };
		D0D000F81A7CF17500E36311 /* DemoViewController.swift in Sources */ = {isa = PBXBuildFile; fileRef = D0D000F71A7CF17500E36311 /* DemoViewController.swift */; };
		D0D000FB1A7CF17500E36311 /* Main.storyboard in Resources */ = {isa = PBXBuildFile; fileRef = D0D000F91A7CF17500E36311 /* Main.storyboard */; };
		D0D000FD1A7CF17500E36311 /* Images.xcassets in Resources */ = {isa = PBXBuildFile; fileRef = D0D000FC1A7CF17500E36311 /* Images.xcassets */; };
		D0D001001A7CF17500E36311 /* LaunchScreen.xib in Resources */ = {isa = PBXBuildFile; fileRef = D0D000FE1A7CF17500E36311 /* LaunchScreen.xib */; };
		D0D0010C1A7CF17500E36311 /* LetsTalkSpriteKitTests.swift in Sources */ = {isa = PBXBuildFile; fileRef = D0D0010B1A7CF17500E36311 /* LetsTalkSpriteKitTests.swift */; };
/* End PBXBuildFile section */

/* Begin PBXContainerItemProxy section */
		D0D001061A7CF17500E36311 /* PBXContainerItemProxy */ = {
			isa = PBXContainerItemProxy;
			containerPortal = D0D000E41A7CF17500E36311 /* Project object */;
			proxyType = 1;
			remoteGlobalIDString = D0D000EB1A7CF17500E36311;
			remoteInfo = LetsTalkSpriteKit;
		};
/* End PBXContainerItemProxy section */

/* Begin PBXFileReference section */
		D0646C871A816233009CC3E3 /* EmitterNode.swift */ = {isa = PBXFileReference; fileEncoding = 4; lastKnownFileType = sourcecode.swift; path = EmitterNode.swift; sourceTree = "<group>"; };
		D0646C8A1A816371009CC3E3 /* starField.sks */ = {isa = PBXFileReference; lastKnownFileType = file.sks; path = starField.sks; sourceTree = "<group>"; };
		D0646C8B1A816371009CC3E3 /* spark.png */ = {isa = PBXFileReference; lastKnownFileType = image.png; path = spark.png; sourceTree = "<group>"; };
		D0646C8E1A816C11009CC3E3 /* Operation_Stealth.mp3 */ = {isa = PBXFileReference; lastKnownFileType = audio.mp3; path = Operation_Stealth.mp3; sourceTree = "<group>"; };
		D0ADC8701A7EB9A8003390E2 /* BackgroundNode.swift */ = {isa = PBXFileReference; fileEncoding = 4; lastKnownFileType = sourcecode.swift; path = BackgroundNode.swift; sourceTree = "<group>"; };
		D0D000EC1A7CF17500E36311 /* LetsTalkSpriteKit.app */ = {isa = PBXFileReference; explicitFileType = wrapper.application; includeInIndex = 0; path = LetsTalkSpriteKit.app; sourceTree = BUILT_PRODUCTS_DIR; };
		D0D000F01A7CF17500E36311 /* Info.plist */ = {isa = PBXFileReference; lastKnownFileType = text.plist.xml; path = Info.plist; sourceTree = "<group>"; };
		D0D000F11A7CF17500E36311 /* AppDelegate.swift */ = {isa = PBXFileReference; lastKnownFileType = sourcecode.swift; path = AppDelegate.swift; sourceTree = "<group>"; };
		D0D000F31A7CF17500E36311 /* DemoScene.sks */ = {isa = PBXFileReference; lastKnownFileType = file.sks; path = DemoScene.sks; sourceTree = "<group>"; };
		D0D000F51A7CF17500E36311 /* DemoScene.swift */ = {isa = PBXFileReference; lastKnownFileType = sourcecode.swift; path = DemoScene.swift; sourceTree = "<group>"; };
		D0D000F71A7CF17500E36311 /* DemoViewController.swift */ = {isa = PBXFileReference; lastKnownFileType = sourcecode.swift; path = DemoViewController.swift; sourceTree = "<group>"; };
		D0D000FA1A7CF17500E36311 /* Base */ = {isa = PBXFileReference; lastKnownFileType = file.storyboard; name = Base; path = Base.lproj/Main.storyboard; sourceTree = "<group>"; };
		D0D000FC1A7CF17500E36311 /* Images.xcassets */ = {isa = PBXFileReference; lastKnownFileType = folder.assetcatalog; path = Images.xcassets; sourceTree = "<group>"; };
		D0D000FF1A7CF17500E36311 /* Base */ = {isa = PBXFileReference; lastKnownFileType = file.xib; name = Base; path = Base.lproj/LaunchScreen.xib; sourceTree = "<group>"; };
		D0D001051A7CF17500E36311 /* LetsTalkSpriteKitTests.xctest */ = {isa = PBXFileReference; explicitFileType = wrapper.cfbundle; includeInIndex = 0; path = LetsTalkSpriteKitTests.xctest; sourceTree = BUILT_PRODUCTS_DIR; };
		D0D0010A1A7CF17500E36311 /* Info.plist */ = {isa = PBXFileReference; lastKnownFileType = text.plist.xml; path = Info.plist; sourceTree = "<group>"; };
		D0D0010B1A7CF17500E36311 /* LetsTalkSpriteKitTests.swift */ = {isa = PBXFileReference; lastKnownFileType = sourcecode.swift; path = LetsTalkSpriteKitTests.swift; sourceTree = "<group>"; };
/* End PBXFileReference section */

/* Begin PBXFrameworksBuildPhase section */
		D0D000E91A7CF17500E36311 /* Frameworks */ = {
			isa = PBXFrameworksBuildPhase;
			buildActionMask = 2147483647;
			files = (
			);
			runOnlyForDeploymentPostprocessing = 0;
		};
		D0D001021A7CF17500E36311 /* Frameworks */ = {
			isa = PBXFrameworksBuildPhase;
			buildActionMask = 2147483647;
			files = (
			);
			runOnlyForDeploymentPostprocessing = 0;
		};
/* End PBXFrameworksBuildPhase section */

/* Begin PBXGroup section */
		D0646C891A816330009CC3E3 /* Particles */ = {
			isa = PBXGroup;
			children = (
				D0646C8A1A816371009CC3E3 /* starField.sks */,
				D0646C8B1A816371009CC3E3 /* spark.png */,
			);
			path = Particles;
			sourceTree = "<group>";
		};
		D0D000E31A7CF17500E36311 = {
			isa = PBXGroup;
			children = (
				D0D000EE1A7CF17500E36311 /* LetsTalkSpriteKit */,
				D0D001081A7CF17500E36311 /* LetsTalkSpriteKitTests */,
				D0D000ED1A7CF17500E36311 /* Products */,
			);
			sourceTree = "<group>";
		};
		D0D000ED1A7CF17500E36311 /* Products */ = {
			isa = PBXGroup;
			children = (
				D0D000EC1A7CF17500E36311 /* LetsTalkSpriteKit.app */,
				D0D001051A7CF17500E36311 /* LetsTalkSpriteKitTests.xctest */,
			);
			name = Products;
			sourceTree = "<group>";
		};
		D0D000EE1A7CF17500E36311 /* LetsTalkSpriteKit */ = {
			isa = PBXGroup;
			children = (
				D0646C891A816330009CC3E3 /* Particles */,
				D0D000F11A7CF17500E36311 /* AppDelegate.swift */,
				D0D000F31A7CF17500E36311 /* DemoScene.sks */,
				D0D000F51A7CF17500E36311 /* DemoScene.swift */,
				D0D000F71A7CF17500E36311 /* DemoViewController.swift */,
				D0D000F91A7CF17500E36311 /* Main.storyboard */,
				D0D000FC1A7CF17500E36311 /* Images.xcassets */,
				D0D000FE1A7CF17500E36311 /* LaunchScreen.xib */,
				D0D000EF1A7CF17500E36311 /* Supporting Files */,
				D0ADC8701A7EB9A8003390E2 /* BackgroundNode.swift */,
				D0646C871A816233009CC3E3 /* EmitterNode.swift */,
			);
			path = LetsTalkSpriteKit;
			sourceTree = "<group>";
		};
		D0D000EF1A7CF17500E36311 /* Supporting Files */ = {
			isa = PBXGroup;
			children = (
				D0646C8E1A816C11009CC3E3 /* Operation_Stealth.mp3 */,
				D0D000F01A7CF17500E36311 /* Info.plist */,
			);
			name = "Supporting Files";
			sourceTree = "<group>";
		};
		D0D001081A7CF17500E36311 /* LetsTalkSpriteKitTests */ = {
			isa = PBXGroup;
			children = (
				D0D0010B1A7CF17500E36311 /* LetsTalkSpriteKitTests.swift */,
				D0D001091A7CF17500E36311 /* Supporting Files */,
			);
			path = LetsTalkSpriteKitTests;
			sourceTree = "<group>";
		};
		D0D001091A7CF17500E36311 /* Supporting Files */ = {
			isa = PBXGroup;
			children = (
				D0D0010A1A7CF17500E36311 /* Info.plist */,
			);
			name = "Supporting Files";
			sourceTree = "<group>";
		};
/* End PBXGroup section */

/* Begin PBXNativeTarget section */
		D0D000EB1A7CF17500E36311 /* LetsTalkSpriteKit */ = {
			isa = PBXNativeTarget;
			buildConfigurationList = D0D0010F1A7CF17500E36311 /* Build configuration list for PBXNativeTarget "LetsTalkSpriteKit" */;
			buildPhases = (
				D0D000E81A7CF17500E36311 /* Sources */,
				D0D000E91A7CF17500E36311 /* Frameworks */,
				D0D000EA1A7CF17500E36311 /* Resources */,
			);
			buildRules = (
			);
			dependencies = (
			);
			name = LetsTalkSpriteKit;
			productName = LetsTalkSpriteKit;
			productReference = D0D000EC1A7CF17500E36311 /* LetsTalkSpriteKit.app */;
			productType = "com.apple.product-type.application";
		};
		D0D001041A7CF17500E36311 /* LetsTalkSpriteKitTests */ = {
			isa = PBXNativeTarget;
			buildConfigurationList = D0D001121A7CF17500E36311 /* Build configuration list for PBXNativeTarget "LetsTalkSpriteKitTests" */;
			buildPhases = (
				D0D001011A7CF17500E36311 /* Sources */,
				D0D001021A7CF17500E36311 /* Frameworks */,
				D0D001031A7CF17500E36311 /* Resources */,
			);
			buildRules = (
			);
			dependencies = (
				D0D001071A7CF17500E36311 /* PBXTargetDependency */,
			);
			name = LetsTalkSpriteKitTests;
			productName = LetsTalkSpriteKitTests;
			productReference = D0D001051A7CF17500E36311 /* LetsTalkSpriteKitTests.xctest */;
			productType = "com.apple.product-type.bundle.unit-test";
		};
/* End PBXNativeTarget section */

/* Begin PBXProject section */
		D0D000E41A7CF17500E36311 /* Project object */ = {
			isa = PBXProject;
			attributes = {
				LastUpgradeCheck = 0610;
				ORGANIZATIONNAME = "Peter Bødskov";
				TargetAttributes = {
					D0D000EB1A7CF17500E36311 = {
						CreatedOnToolsVersion = 6.1.1;
						DevelopmentTeam = 548LC7KET7;
					};
					D0D001041A7CF17500E36311 = {
						CreatedOnToolsVersion = 6.1.1;
						TestTargetID = D0D000EB1A7CF17500E36311;
					};
				};
			};
			buildConfigurationList = D0D000E71A7CF17500E36311 /* Build configuration list for PBXProject "LetsTalkSpriteKit" */;
			compatibilityVersion = "Xcode 3.2";
			developmentRegion = English;
			hasScannedForEncodings = 0;
			knownRegions = (
				en,
				Base,
			);
			mainGroup = D0D000E31A7CF17500E36311;
			productRefGroup = D0D000ED1A7CF17500E36311 /* Products */;
			projectDirPath = "";
			projectRoot = "";
			targets = (
				D0D000EB1A7CF17500E36311 /* LetsTalkSpriteKit */,
				D0D001041A7CF17500E36311 /* LetsTalkSpriteKitTests */,
			);
		};
/* End PBXProject section */

/* Begin PBXResourcesBuildPhase section */
		D0D000EA1A7CF17500E36311 /* Resources */ = {
			isa = PBXResourcesBuildPhase;
			buildActionMask = 2147483647;
			files = (
				D0D001001A7CF17500E36311 /* LaunchScreen.xib in Resources */,
				D0646C8D1A816371009CC3E3 /* spark.png in Resources */,
				D0D000FD1A7CF17500E36311 /* Images.xcassets in Resources */,
				D0D000F41A7CF17500E36311 /* DemoScene.sks in Resources */,
				D0646C8C1A816371009CC3E3 /* starField.sks in Resources */,
				D0D000FB1A7CF17500E36311 /* Main.storyboard in Resources */,
				D0646C8F1A816C11009CC3E3 /* Operation_Stealth.mp3 in Resources */,
			);
			runOnlyForDeploymentPostprocessing = 0;
		};
		D0D001031A7CF17500E36311 /* Resources */ = {
			isa = PBXResourcesBuildPhase;
			buildActionMask = 2147483647;
			files = (
			);
			runOnlyForDeploymentPostprocessing = 0;
		};
/* End PBXResourcesBuildPhase section */

/* Begin PBXSourcesBuildPhase section */
		D0D000E81A7CF17500E36311 /* Sources */ = {
			isa = PBXSourcesBuildPhase;
			buildActionMask = 2147483647;
			files = (
				D0D000F61A7CF17500E36311 /* DemoScene.swift in Sources */,
				D0ADC8711A7EB9A8003390E2 /* BackgroundNode.swift in Sources */,
				D0D000F81A7CF17500E36311 /* DemoViewController.swift in Sources */,
				D0646C881A816233009CC3E3 /* EmitterNode.swift in Sources */,
				D0D000F21A7CF17500E36311 /* AppDelegate.swift in Sources */,
			);
			runOnlyForDeploymentPostprocessing = 0;
		};
		D0D001011A7CF17500E36311 /* Sources */ = {
			isa = PBXSourcesBuildPhase;
			buildActionMask = 2147483647;
			files = (
				D0D0010C1A7CF17500E36311 /* LetsTalkSpriteKitTests.swift in Sources */,
			);
			runOnlyForDeploymentPostprocessing = 0;
		};
/* End PBXSourcesBuildPhase section */

/* Begin PBXTargetDependency section */
		D0D001071A7CF17500E36311 /* PBXTargetDependency */ = {
			isa = PBXTargetDependency;
			target = D0D000EB1A7CF17500E36311 /* LetsTalkSpriteKit */;
			targetProxy = D0D001061A7CF17500E36311 /* PBXContainerItemProxy */;
		};
/* End PBXTargetDependency section */

/* Begin PBXVariantGroup section */
		D0D000F91A7CF17500E36311 /* Main.storyboard */ = {
			isa = PBXVariantGroup;
			children = (
				D0D000FA1A7CF17500E36311 /* Base */,
			);
			name = Main.storyboard;
			sourceTree = "<group>";
		};
		D0D000FE1A7CF17500E36311 /* LaunchScreen.xib */ = {
			isa = PBXVariantGroup;
			children = (
				D0D000FF1A7CF17500E36311 /* Base */,
			);
			name = LaunchScreen.xib;
			sourceTree = "<group>";
		};
/* End PBXVariantGroup section */

/* Begin XCBuildConfiguration section */
		D0D0010D1A7CF17500E36311 /* Debug */ = {
			isa = XCBuildConfiguration;
			buildSettings = {
				ALWAYS_SEARCH_USER_PATHS = NO;
				CLANG_CXX_LANGUAGE_STANDARD = "gnu++0x";
				CLANG_CXX_LIBRARY = "libc++";
				CLANG_ENABLE_MODULES = YES;
				CLANG_ENABLE_OBJC_ARC = YES;
				CLANG_WARN_BOOL_CONVERSION = YES;
				CLANG_WARN_CONSTANT_CONVERSION = YES;
				CLANG_WARN_DIRECT_OBJC_ISA_USAGE = YES_ERROR;
				CLANG_WARN_EMPTY_BODY = YES;
				CLANG_WARN_ENUM_CONVERSION = YES;
				CLANG_WARN_INT_CONVERSION = YES;
				CLANG_WARN_OBJC_ROOT_CLASS = YES_ERROR;
				CLANG_WARN_UNREACHABLE_CODE = YES;
				CLANG_WARN__DUPLICATE_METHOD_MATCH = YES;
				"CODE_SIGN_IDENTITY[sdk=iphoneos*]" = "iPhone Developer";
				COPY_PHASE_STRIP = NO;
				ENABLE_STRICT_OBJC_MSGSEND = YES;
				GCC_C_LANGUAGE_STANDARD = gnu99;
				GCC_DYNAMIC_NO_PIC = NO;
				GCC_OPTIMIZATION_LEVEL = 0;
				GCC_PREPROCESSOR_DEFINITIONS = (
					"DEBUG=1",
					"$(inherited)",
				);
				GCC_SYMBOLS_PRIVATE_EXTERN = NO;
				GCC_WARN_64_TO_32_BIT_CONVERSION = YES;
				GCC_WARN_ABOUT_RETURN_TYPE = YES_ERROR;
				GCC_WARN_UNDECLARED_SELECTOR = YES;
				GCC_WARN_UNINITIALIZED_AUTOS = YES_AGGRESSIVE;
				GCC_WARN_UNUSED_FUNCTION = YES;
				GCC_WARN_UNUSED_VARIABLE = YES;
				IPHONEOS_DEPLOYMENT_TARGET = 8.1;
				MTL_ENABLE_DEBUG_INFO = YES;
				ONLY_ACTIVE_ARCH = YES;
				SDKROOT = iphoneos;
				SWIFT_OPTIMIZATION_LEVEL = "-Onone";
			};
			name = Debug;
		};
		D0D0010E1A7CF17500E36311 /* Release */ = {
			isa = XCBuildConfiguration;
			buildSettings = {
				ALWAYS_SEARCH_USER_PATHS = NO;
				CLANG_CXX_LANGUAGE_STANDARD = "gnu++0x";
				CLANG_CXX_LIBRARY = "libc++";
				CLANG_ENABLE_MODULES = YES;
				CLANG_ENABLE_OBJC_ARC = YES;
				CLANG_WARN_BOOL_CONVERSION = YES;
				CLANG_WARN_CONSTANT_CONVERSION = YES;
				CLANG_WARN_DIRECT_OBJC_ISA_USAGE = YES_ERROR;
				CLANG_WARN_EMPTY_BODY = YES;
				CLANG_WARN_ENUM_CONVERSION = YES;
				CLANG_WARN_INT_CONVERSION = YES;
				CLANG_WARN_OBJC_ROOT_CLASS = YES_ERROR;
				CLANG_WARN_UNREACHABLE_CODE = YES;
				CLANG_WARN__DUPLICATE_METHOD_MATCH = YES;
				"CODE_SIGN_IDENTITY[sdk=iphoneos*]" = "iPhone Developer";
				COPY_PHASE_STRIP = YES;
				ENABLE_NS_ASSERTIONS = NO;
				ENABLE_STRICT_OBJC_MSGSEND = YES;
				GCC_C_LANGUAGE_STANDARD = gnu99;
				GCC_WARN_64_TO_32_BIT_CONVERSION = YES;
				GCC_WARN_ABOUT_RETURN_TYPE = YES_ERROR;
				GCC_WARN_UNDECLARED_SELECTOR = YES;
				GCC_WARN_UNINITIALIZED_AUTOS = YES_AGGRESSIVE;
				GCC_WARN_UNUSED_FUNCTION = YES;
				GCC_WARN_UNUSED_VARIABLE = YES;
				IPHONEOS_DEPLOYMENT_TARGET = 8.1;
				MTL_ENABLE_DEBUG_INFO = NO;
				SDKROOT = iphoneos;
				VALIDATE_PRODUCT = YES;
			};
			name = Release;
		};
		D0D001101A7CF17500E36311 /* Debug */ = {
			isa = XCBuildConfiguration;
			buildSettings = {
				ASSETCATALOG_COMPILER_APPICON_NAME = AppIcon;
				CODE_SIGN_IDENTITY = "iPhone Developer";
				"CODE_SIGN_IDENTITY[sdk=iphoneos*]" = "iPhone Developer";
				INFOPLIST_FILE = LetsTalkSpriteKit/Info.plist;
				LD_RUNPATH_SEARCH_PATHS = "$(inherited) @executable_path/Frameworks";
				PRODUCT_NAME = "$(TARGET_NAME)";
				PROVISIONING_PROFILE = "";
			};
			name = Debug;
		};
		D0D001111A7CF17500E36311 /* Release */ = {
			isa = XCBuildConfiguration;
			buildSettings = {
				ASSETCATALOG_COMPILER_APPICON_NAME = AppIcon;
				CODE_SIGN_IDENTITY = "iPhone Developer";
				"CODE_SIGN_IDENTITY[sdk=iphoneos*]" = "iPhone Developer";
				INFOPLIST_FILE = LetsTalkSpriteKit/Info.plist;
				LD_RUNPATH_SEARCH_PATHS = "$(inherited) @executable_path/Frameworks";
				PRODUCT_NAME = "$(TARGET_NAME)";
				PROVISIONING_PROFILE = "";
			};
			name = Release;
		};
		D0D001131A7CF17500E36311 /* Debug */ = {
			isa = XCBuildConfiguration;
			buildSettings = {
				BUNDLE_LOADER = "$(TEST_HOST)";
				FRAMEWORK_SEARCH_PATHS = (
					"$(SDKROOT)/Developer/Library/Frameworks",
					"$(inherited)",
				);
				GCC_PREPROCESSOR_DEFINITIONS = (
					"DEBUG=1",
					"$(inherited)",
				);
				INFOPLIST_FILE = LetsTalkSpriteKitTests/Info.plist;
				LD_RUNPATH_SEARCH_PATHS = "$(inherited) @executable_path/Frameworks @loader_path/Frameworks";
				PRODUCT_NAME = "$(TARGET_NAME)";
				TEST_HOST = "$(BUILT_PRODUCTS_DIR)/LetsTalkSpriteKit.app/LetsTalkSpriteKit";
			};
			name = Debug;
		};
		D0D001141A7CF17500E36311 /* Release */ = {
			isa = XCBuildConfiguration;
			buildSettings = {
				BUNDLE_LOADER = "$(TEST_HOST)";
				FRAMEWORK_SEARCH_PATHS = (
					"$(SDKROOT)/Developer/Library/Frameworks",
					"$(inherited)",
				);
				INFOPLIST_FILE = LetsTalkSpriteKitTests/Info.plist;
				LD_RUNPATH_SEARCH_PATHS = "$(inherited) @executable_path/Frameworks @loader_path/Frameworks";
				PRODUCT_NAME = "$(TARGET_NAME)";
				TEST_HOST = "$(BUILT_PRODUCTS_DIR)/LetsTalkSpriteKit.app/LetsTalkSpriteKit";
			};
			name = Release;
		};
/* End XCBuildConfiguration section */

/* Begin XCConfigurationList section */
		D0D000E71A7CF17500E36311 /* Build configuration list for PBXProject "LetsTalkSpriteKit" */ = {
			isa = XCConfigurationList;
			buildConfigurations = (
				D0D0010D1A7CF17500E36311 /* Debug */,
				D0D0010E1A7CF17500E36311 /* Release */,
			);
			defaultConfigurationIsVisible = 0;
			defaultConfigurationName = Release;
		};
		D0D0010F1A7CF17500E36311 /* Build configuration list for PBXNativeTarget "LetsTalkSpriteKit" */ = {
			isa = XCConfigurationList;
			buildConfigurations = (
				D0D001101A7CF17500E36311 /* Debug */,
				D0D001111A7CF17500E36311 /* Release */,
			);
			defaultConfigurationIsVisible = 0;
			defaultConfigurationName = Release;
		};
		D0D001121A7CF17500E36311 /* Build configuration list for PBXNativeTarget "LetsTalkSpriteKitTests" */ = {
			isa = XCConfigurationList;
			buildConfigurations = (
				D0D001131A7CF17500E36311 /* Debug */,
				D0D001141A7CF17500E36311 /* Release */,
			);
			defaultConfigurationIsVisible = 0;
			defaultConfigurationName = Release;
		};
/* End XCConfigurationList section */
	};
	rootObject = D0D000E41A7CF17500E36311 /* Project object */;
}
